
Microsoft Visual Studio Solution File, Format Version 12.00
# Visual Studio Version 17
VisualStudioVersion = 17.0.31903.59
MinimumVisualStudioVersion = 10.0.40219.1
Project("{FAE04EC0-301F-11D3-BF4B-00C04F79EFBC}") = "API", "API\API.csproj", "{2927CFC7-C0E8-4B26-9CB4-8DD746E67C95}"
EndProject
Project("{FAE04EC0-301F-11D3-BF4B-00C04F79EFBC}") = "Gateways", "Gateways\Gateways.csproj", "{3679627F-34F9-472F-A89D-960FBA0E295D}"
EndProject
Project("{FAE04EC0-301F-11D3-BF4B-00C04F79EFBC}") = "Domain", "Domain\Domain.csproj", "{9F0EE879-D172-43A5-BAF8-DAF83FD05675}"
EndProject
Project("{FAE04EC0-301F-11D3-BF4B-00C04F79EFBC}") = "WebScrapper", "WebScrapper\WebScrapper.csproj", "{262354A3-1B95-4FC6-8052-B55297570D66}"
EndProject
Project("{FAE04EC0-301F-11D3-BF4B-00C04F79EFBC}") = "Data", "Data\Data.csproj", "{16937DBE-2835-4016-890A-5A765BA911E1}"
EndProject
Project("{FAE04EC0-301F-11D3-BF4B-00C04F79EFBC}") = "Ollama", "Ollama\Ollama.csproj", "{7923AB33-2737-4D2B-A6EF-FA4C06ED3879}"
EndProject
Global
	GlobalSection(SolutionConfigurationPlatforms) = preSolution
		Debug|Any CPU = Debug|Any CPU
		Release|Any CPU = Release|Any CPU
	EndGlobalSection
	GlobalSection(SolutionProperties) = preSolution
		HideSolutionNode = FALSE
	EndGlobalSection
	GlobalSection(ProjectConfigurationPlatforms) = postSolution
		{2927CFC7-C0E8-4B26-9CB4-8DD746E67C95}.Debug|Any CPU.ActiveCfg = Debug|Any CPU
		{2927CFC7-C0E8-4B26-9CB4-8DD746E67C95}.Debug|Any CPU.Build.0 = Debug|Any CPU
		{2927CFC7-C0E8-4B26-9CB4-8DD746E67C95}.Release|Any CPU.ActiveCfg = Release|Any CPU
		{2927CFC7-C0E8-4B26-9CB4-8DD746E67C95}.Release|Any CPU.Build.0 = Release|Any CPU
		{3679627F-34F9-472F-A89D-960FBA0E295D}.Debug|Any CPU.ActiveCfg = Debug|Any CPU
		{3679627F-34F9-472F-A89D-960FBA0E295D}.Debug|Any CPU.Build.0 = Debug|Any CPU
		{3679627F-34F9-472F-A89D-960FBA0E295D}.Release|Any CPU.ActiveCfg = Release|Any CPU
		{3679627F-34F9-472F-A89D-960FBA0E295D}.Release|Any CPU.Build.0 = Release|Any CPU
		{9F0EE879-D172-43A5-BAF8-DAF83FD05675}.Debug|Any CPU.ActiveCfg = Debug|Any CPU
		{9F0EE879-D172-43A5-BAF8-DAF83FD05675}.Debug|Any CPU.Build.0 = Debug|Any CPU
		{9F0EE879-D172-43A5-BAF8-DAF83FD05675}.Release|Any CPU.ActiveCfg = Release|Any CPU
		{9F0EE879-D172-43A5-BAF8-DAF83FD05675}.Release|Any CPU.Build.0 = Release|Any CPU
		{262354A3-1B95-4FC6-8052-B55297570D66}.Debug|Any CPU.ActiveCfg = Debug|Any CPU
		{262354A3-1B95-4FC6-8052-B55297570D66}.Debug|Any CPU.Build.0 = Debug|Any CPU
		{262354A3-1B95-4FC6-8052-B55297570D66}.Release|Any CPU.ActiveCfg = Release|Any CPU
		{262354A3-1B95-4FC6-8052-B55297570D66}.Release|Any CPU.Build.0 = Release|Any CPU
		{16937DBE-2835-4016-890A-5A765BA911E1}.Debug|Any CPU.ActiveCfg = Debug|Any CPU
		{16937DBE-2835-4016-890A-5A765BA911E1}.Debug|Any CPU.Build.0 = Debug|Any CPU
		{16937DBE-2835-4016-890A-5A765BA911E1}.Release|Any CPU.ActiveCfg = Release|Any CPU
		{16937DBE-2835-4016-890A-5A765BA911E1}.Release|Any CPU.Build.0 = Release|Any CPU
		{7923AB33-2737-4D2B-A6EF-FA4C06ED3879}.Debug|Any CPU.ActiveCfg = Debug|Any CPU
		{7923AB33-2737-4D2B-A6EF-FA4C06ED3879}.Debug|Any CPU.Build.0 = Debug|Any CPU
		{7923AB33-2737-4D2B-A6EF-FA4C06ED3879}.Release|Any CPU.ActiveCfg = Release|Any CPU
		{7923AB33-2737-4D2B-A6EF-FA4C06ED3879}.Release|Any CPU.Build.0 = Release|Any CPU
	EndGlobalSection
EndGlobal
